{
  "name": "aws-appsync-external-mutation",
  "version": "1.0.0",
  "lockfileVersion": 1,
  "requires": true,
  "dependencies": {
    "@aws-amplify/analytics": {
      "version": "1.2.4",
      "resolved": "https://registry.npmjs.org/@aws-amplify/analytics/-/analytics-1.2.4.tgz",
      "integrity": "sha512-5wwnLa6UVfoGsz5FOV5GVyBhVoy/1le2PC09WCbWkOQnVlfmS0131PE7YuDPGkiXi9fFylWsnrRLJ6gEtH4mFQ==",
      "requires": {
        "@aws-amplify/cache": "^1.0.16",
        "@aws-amplify/core": "^1.0.16",
        "uuid": "^3.2.1"
      },
      "dependencies": {
        "uuid": {
          "version": "3.3.2",
          "resolved": "https://registry.npmjs.org/uuid/-/uuid-3.3.2.tgz",
          "integrity": "sha512-yXJmeNaw3DnnKAOKJE51sL/ZaYfWJRl1pK9dr19YFCu0ObS231AB1/LbqTKRAQ5kw8A90rA6fr4riOUpTZvQZA=="
        }
      }
    },
    "@aws-amplify/api": {
      "version": "1.0.18",
      "resolved": "https://registry.npmjs.org/@aws-amplify/api/-/api-1.0.18.tgz",
      "integrity": "sha512-u42YxTTlJ0P1i1pR/eC1/Bwv/xRRK+EywXMLI9ElqeHmbYuK8HGMb4rQdDuqRv+0brC1hMOF9A3orYGRG6yk1w==",
      "requires": {
        "@aws-amplify/auth": "^1.2.7",
        "@aws-amplify/cache": "^1.0.16",
        "@aws-amplify/core": "^1.0.16",
        "@types/zen-observable": "^0.5.3",
        "axios": "^0.17.0",
        "graphql": "0.13.0",
        "uuid": "^3.2.1",
        "zen-observable": "^0.8.6"
      },
      "dependencies": {
        "uuid": {
          "version": "3.3.2",
          "resolved": "https://registry.npmjs.org/uuid/-/uuid-3.3.2.tgz",
          "integrity": "sha512-yXJmeNaw3DnnKAOKJE51sL/ZaYfWJRl1pK9dr19YFCu0ObS231AB1/LbqTKRAQ5kw8A90rA6fr4riOUpTZvQZA=="
        }
      }
    },
    "@aws-amplify/auth": {
      "version": "1.2.7",
      "resolved": "https://registry.npmjs.org/@aws-amplify/auth/-/auth-1.2.7.tgz",
      "integrity": "sha512-JMkU+a3+9KDjiPu+6IofiBNNpdCUuIwb7QrMnJB3L7UbTG1AcCpUPLPh8OpkCzr4BiwLr5jJ9YkRBUdzCXmncg==",
      "requires": {
        "@aws-amplify/cache": "^1.0.16",
        "@aws-amplify/core": "^1.0.16",
        "amazon-cognito-auth-js": "^1.1.9",
        "amazon-cognito-identity-js": "^3.0.3"
      }
    },
    "@aws-amplify/cache": {
      "version": "1.0.16",
      "resolved": "https://registry.npmjs.org/@aws-amplify/cache/-/cache-1.0.16.tgz",
      "integrity": "sha512-9ByF2gtu9iMJKa29UDNgBDtfOfPxnKnfq0+3bAxtVE9B+jR5lliy+23kaszT2qF4rctfcayJ3gkdm0TQAf5/fA==",
      "requires": {
        "@aws-amplify/core": "^1.0.16"
      }
    },
    "@aws-amplify/core": {
      "version": "1.0.16",
      "resolved": "https://registry.npmjs.org/@aws-amplify/core/-/core-1.0.16.tgz",
      "integrity": "sha512-n7NEOkXQgHwNzoEDscXTKDZ0B8i6HMXuJDf/nUXEanMkX19RPwWtSBgIC8Y9bxKMDRaCV5IHKFwq7N0LL62Qvg==",
      "requires": {
        "aws-sdk": "2.329.0",
        "url": "^0.11.0"
      },
      "dependencies": {
        "aws-sdk": {
          "version": "2.329.0",
          "resolved": "https://registry.npmjs.org/aws-sdk/-/aws-sdk-2.329.0.tgz",
          "integrity": "sha512-5yti9jyL6QL8CP5LGKX3uyrQcLAvLk6kyMZ749+F68IsutFKi0DaYxjxqx7lqWfzCSH3Z5REJ+XeywJLQ2tqfQ==",
          "requires": {
            "buffer": "4.9.1",
            "events": "1.1.1",
            "ieee754": "1.1.8",
            "jmespath": "0.15.0",
            "querystring": "0.2.0",
            "sax": "1.2.1",
            "url": "0.10.3",
            "uuid": "3.1.0",
            "xml2js": "0.4.19"
          },
          "dependencies": {
            "url": {
              "version": "0.10.3",
              "resolved": "https://registry.npmjs.org/url/-/url-0.10.3.tgz",
              "integrity": "sha1-Ah5NnHcF8hu/N9A861h2dAJ3TGQ=",
              "requires": {
                "punycode": "1.3.2",
                "querystring": "0.2.0"
              }
            }
          }
        },
        "url": {
          "version": "0.11.0",
          "resolved": "https://registry.npmjs.org/url/-/url-0.11.0.tgz",
          "integrity": "sha1-ODjpfPxgUh63PFJajlW/3Z4uKPE=",
          "requires": {
            "punycode": "1.3.2",
            "querystring": "0.2.0"
          }
        }
      }
    },
    "@aws-amplify/interactions": {
      "version": "1.0.16",
      "resolved": "https://registry.npmjs.org/@aws-amplify/interactions/-/interactions-1.0.16.tgz",
      "integrity": "sha512-SKw71eqQ6vGKhatGeyEe2a/wPAx0mTvdEqfrnjijY3AwU6NvzPGJuYzCGivGFp46H4o2/Gu0726Ly37uT68oMA==",
      "requires": {
        "@aws-amplify/core": "^1.0.16"
      }
    },
    "@aws-amplify/pubsub": {
      "version": "1.0.16",
      "resolved": "https://registry.npmjs.org/@aws-amplify/pubsub/-/pubsub-1.0.16.tgz",
      "integrity": "sha512-2Rehe7kfyEBija3qIupLZLD+1Ylq5LD8dc+DJvljUcCMazajVHk8EpCcnqpm8nmZ83BsDC6/jOyRmZr+7KNLxw==",
      "requires": {
        "@aws-amplify/core": "^1.0.16",
        "@types/zen-observable": "^0.5.3",
        "uuid": "^3.2.1",
        "zen-observable": "^0.8.6"
      },
      "dependencies": {
        "uuid": {
          "version": "3.3.2",
          "resolved": "https://registry.npmjs.org/uuid/-/uuid-3.3.2.tgz",
          "integrity": "sha512-yXJmeNaw3DnnKAOKJE51sL/ZaYfWJRl1pK9dr19YFCu0ObS231AB1/LbqTKRAQ5kw8A90rA6fr4riOUpTZvQZA=="
        }
      }
    },
    "@aws-amplify/storage": {
      "version": "1.0.16",
      "resolved": "https://registry.npmjs.org/@aws-amplify/storage/-/storage-1.0.16.tgz",
      "integrity": "sha512-q66QOMXYsqQNmE0iRP5MVr28NDUvE0xBETDqaTwA3HPXiNx/Zdmd20j+iLiwJE5cZb/7wZDc+CGn8rqj+tfJVQ==",
      "requires": {
        "@aws-amplify/core": "^1.0.16"
      }
    },
    "@aws-amplify/xr": {
      "version": "0.1.6",
      "resolved": "https://registry.npmjs.org/@aws-amplify/xr/-/xr-0.1.6.tgz",
      "integrity": "sha512-AN27pSwV4t/YUlfGoEYRwK8w/RxoYtUt3q/9jcAF28e8Jq9JHlvAruN0O22fZhQPdHzy/ee2i1uZJqhlHCReQQ==",
      "requires": {
        "@aws-amplify/core": "^1.0.16"
      }
    },
    "@types/zen-observable": {
      "version": "0.5.4",
      "resolved": "https://registry.npmjs.org/@types/zen-observable/-/zen-observable-0.5.4.tgz",
      "integrity": "sha512-sW6xN96wUak4tgc89d0tbTg7QDGYhGv5hvQIS6h4mRCd8h2btiZ80loPU8cyLwsBbA4ZeQt0FjvUhJ4rNhdsGg=="
    },
    "amazon-cognito-auth-js": {
      "version": "1.2.4",
      "resolved": "https://registry.npmjs.org/amazon-cognito-auth-js/-/amazon-cognito-auth-js-1.2.4.tgz",
      "integrity": "sha512-Walq6lIHB+MBOEfg0RBezURTDBKvUO4H9xpW2DBLZT3aDTF+p8awKHe2AujdHYItkefOhdjwu4GqjFgo4RkG+A==",
      "requires": {
        "js-cookie": "^2.1.4"
      }
    },
    "amazon-cognito-identity-js": {
      "version": "3.0.3",
      "resolved": "https://registry.npmjs.org/amazon-cognito-identity-js/-/amazon-cognito-identity-js-3.0.3.tgz",
      "integrity": "sha512-zRhhJrei4qj5k7obD2B3aCEk06mVoa1yZQk4P+pjHkUfsHSAqewpJ/IhymDYeQjB396evvKIGjxKPjLVguRYRw==",
      "requires": {
        "buffer": "4.9.1",
        "crypto-js": "^3.1.9-1",
        "js-cookie": "^2.1.4"
      }
    },
    "aws-amplify": {
      "version": "1.1.7",
      "resolved": "https://registry.npmjs.org/aws-amplify/-/aws-amplify-1.1.7.tgz",
      "integrity": "sha512-BPDGz/ISuZfwaJjDT6pv3HxCYoscFQPT56xKKmbiGDAepNlKcdXFtQMrO8XtgEGMYKTIWTyPy7ZmTukDDHDIYQ==",
      "requires": {
        "@aws-amplify/analytics": "^1.2.4",
        "@aws-amplify/api": "^1.0.18",
        "@aws-amplify/auth": "^1.2.7",
        "@aws-amplify/cache": "^1.0.16",
        "@aws-amplify/core": "^1.0.16",
        "@aws-amplify/interactions": "^1.0.16",
        "@aws-amplify/pubsub": "^1.0.16",
        "@aws-amplify/storage": "^1.0.16",
        "@aws-amplify/xr": "^0.1.6"
      }
    },
    "aws-sdk": {
      "version": "2.343.0",
      "resolved": "https://registry.npmjs.org/aws-sdk/-/aws-sdk-2.343.0.tgz",
      "integrity": "sha512-WB7uwmlyQ2NHEmXufYgJa6Qr1uwAFqBJ5GBgO8YALYAck9C6TLGD9/oKJGK93PXBpmgPdJqVIfxZE80YQ5/xXQ==",
      "requires": {
        "buffer": "4.9.1",
        "events": "1.1.1",
        "ieee754": "1.1.8",
        "jmespath": "0.15.0",
        "querystring": "0.2.0",
        "sax": "1.2.1",
        "url": "0.10.3",
        "uuid": "3.1.0",
        "xml2js": "0.4.19"
      }
    },
    "axios": {
      "version": "0.17.1",
      "resolved": "https://registry.npmjs.org/axios/-/axios-0.17.1.tgz",
      "integrity": "sha1-LY4+XQvb1zJ/kbyBT1xXZg+Bgk0=",
      "requires": {
        "follow-redirects": "^1.2.5",
        "is-buffer": "^1.1.5"
      }
    },
    "base64-js": {
      "version": "1.3.0",
      "resolved": "https://registry.npmjs.org/base64-js/-/base64-js-1.3.0.tgz",
      "integrity": "sha512-ccav/yGvoa80BQDljCxsmmQ3Xvx60/UpBIij5QN21W3wBi/hhIC9OoO+KLpu9IJTS9j4DRVJ3aDDF9cMSoa2lw=="
    },
    "buffer": {
      "version": "4.9.1",
      "resolved": "http://registry.npmjs.org/buffer/-/buffer-4.9.1.tgz",
      "integrity": "sha1-bRu2AbB6TvztlwlBMgkwJ8lbwpg=",
      "requires": {
        "base64-js": "^1.0.2",
        "ieee754": "^1.1.4",
        "isarray": "^1.0.0"
      }
    },
    "crypto-js": {
      "version": "3.1.9-1",
      "resolved": "https://registry.npmjs.org/crypto-js/-/crypto-js-3.1.9-1.tgz",
      "integrity": "sha1-/aGedh/Ad+Af+/3G6f38WeiAbNg="
    },
    "debug": {
      "version": "3.1.0",
      "resolved": "https://registry.npmjs.org/debug/-/debug-3.1.0.tgz",
      "integrity": "sha512-OX8XqP7/1a9cqkxYw2yXss15f26NKWBpDXQd0/uK/KPqdQhxbPa994hnzjcE2VqQpDslf55723cKPUOGSmMY3g==",
      "requires": {
        "ms": "2.0.0"
      }
    },
    "events": {
      "version": "1.1.1",
      "resolved": "http://registry.npmjs.org/events/-/events-1.1.1.tgz",
      "integrity": "sha1-nr23Y1rQmccNzEwqH1AEKI6L2SQ="
    },
    "follow-redirects": {
      "version": "1.5.9",
      "resolved": "https://registry.npmjs.org/follow-redirects/-/follow-redirects-1.5.9.tgz",
      "integrity": "sha512-Bh65EZI/RU8nx0wbYF9shkFZlqLP+6WT/5FnA3cE/djNSuKNHJEinGGZgu/cQEkeeb2GdFOgenAmn8qaqYke2w==",
      "requires": {
        "debug": "=3.1.0"
      }
    },
    "graphql": {
      "version": "0.13.0",
      "resolved": "http://registry.npmjs.org/graphql/-/graphql-0.13.0.tgz",
      "integrity": "sha512-WlO+ZJT9aY3YrBT+H5Kk+eVb3OVVehB9iRD/xqeHdmrrn4AFl5FIcOpfHz/vnBr6Y6JthGMlnFqU8XRnDjSR7A==",
      "requires": {
        "iterall": "1.1.x"
      }
    },
    "ieee754": {
      "version": "1.1.8",
      "resolved": "https://registry.npmjs.org/ieee754/-/ieee754-1.1.8.tgz",
      "integrity": "sha1-vjPUCsEO8ZJnAfbwii2G+/0a0+Q="
    },
    "is-buffer": {
      "version": "1.1.6",
      "resolved": "https://registry.npmjs.org/is-buffer/-/is-buffer-1.1.6.tgz",
      "integrity": "sha512-NcdALwpXkTm5Zvvbk7owOUSvVvBKDgKP5/ewfXEznmQFfs4ZRmanOeKBTjRVjka3QFoN6XJ+9F3USqfHqTaU5w=="
    },
    "isarray": {
      "version": "1.0.0",
      "resolved": "https://registry.npmjs.org/isarray/-/isarray-1.0.0.tgz",
      "integrity": "sha1-u5NdSFgsuhaMBoNJV6VKPgcSTxE="
    },
    "iterall": {
      "version": "1.1.4",
      "resolved": "https://registry.npmjs.org/iterall/-/iterall-1.1.4.tgz",
      "integrity": "sha512-eaDsM/PY8D/X5mYQhecVc5/9xvSHED7yPON+ffQroBeTuqUVm7dfphMkK8NksXuImqZlVRoKtrNfMIVCYIqaUQ=="
    },
    "jmespath": {
      "version": "0.15.0",
      "resolved": "https://registry.npmjs.org/jmespath/-/jmespath-0.15.0.tgz",
      "integrity": "sha1-o/Iiqarp+Wb10nx5ZRDigJF2Qhc="
    },
    "js-cookie": {
      "version": "2.2.0",
      "resolved": "https://registry.npmjs.org/js-cookie/-/js-cookie-2.2.0.tgz",
      "integrity": "sha1-Gywnmm7s44ChIWi5JIUmWzWx7/s="
    },
    "ms": {
      "version": "2.0.0",
      "resolved": "https://registry.npmjs.org/ms/-/ms-2.0.0.tgz",
      "integrity": "sha1-VgiurfwAvmwpAd9fmGF4jeDVl8g="
    },
    "punycode": {
      "version": "1.3.2",
      "resolved": "https://registry.npmjs.org/punycode/-/punycode-1.3.2.tgz",
      "integrity": "sha1-llOgNvt8HuQjQvIyXM7v6jkmxI0="
    },
    "querystring": {
      "version": "0.2.0",
      "resolved": "https://registry.npmjs.org/querystring/-/querystring-0.2.0.tgz",
      "integrity": "sha1-sgmEkgO7Jd+CDadW50cAWHhSFiA="
    },
    "sax": {
      "version": "1.2.1",
      "resolved": "http://registry.npmjs.org/sax/-/sax-1.2.1.tgz",
      "integrity": "sha1-e45lYZCyKOgaZq6nSEgNgozS03o="
    },
    "url": {
      "version": "0.10.3",
      "resolved": "https://registry.npmjs.org/url/-/url-0.10.3.tgz",
      "integrity": "sha1-Ah5NnHcF8hu/N9A861h2dAJ3TGQ=",
      "requires": {
        "punycode": "1.3.2",
        "querystring": "0.2.0"
      }
    },
    "uuid": {
      "version": "3.1.0",
      "resolved": "https://registry.npmjs.org/uuid/-/uuid-3.1.0.tgz",
      "integrity": "sha512-DIWtzUkw04M4k3bf1IcpS2tngXEL26YUD2M0tMDUpnUrz2hgzUBlD55a4FjdLGPvfHxS6uluGWvaVEqgBcVa+g=="
    },
    "xml2js": {
      "version": "0.4.19",
      "resolved": "https://registry.npmjs.org/xml2js/-/xml2js-0.4.19.tgz",
      "integrity": "sha512-esZnJZJOiJR9wWKMyuvSE1y6Dq5LCuJanqhxslH2bxM6duahNZ+HMpCLhBQGZkbX6xRf8x1Y2eJlgt2q3qo49Q==",
      "requires": {
        "sax": ">=0.6.0",
        "xmlbuilder": "~9.0.1"
      }
    },
    "xmlbuilder": {
      "version": "9.0.7",
      "resolved": "http://registry.npmjs.org/xmlbuilder/-/xmlbuilder-9.0.7.tgz",
      "integrity": "sha1-Ey7mPS7FVlxVfiD0wi35rKaGsQ0="
    },
    "zen-observable": {
      "version": "0.8.10",
      "resolved": "https://registry.npmjs.org/zen-observable/-/zen-observable-0.8.10.tgz",
      "integrity": "sha512-UXEh0ekA/QWYI2NkLHc5IH0V1FstIN4qGVlVvq0DQAS3oR72mofYHkjJ2f4ysMKRAziwnACzg3c0ZuG+SMDu8w=="
    }
  }
}
